
Microsoft Visual Studio Solution File, Format Version 12.00
# Visual Studio Version 17
VisualStudioVersion = 17.14.36301.6 d17.14
MinimumVisualStudioVersion = 10.0.40219.1
Project("{888888A0-9F3D-457C-B088-3A5042F75D52}") = "G_OP", "G_OP.pyproj", "{C819FA33-A8FB-412B-8A35-BBF29898E476}"
EndProject
Global
	GlobalSection(SolutionConfigurationPlatforms) = preSolution
		Debug|Any CPU = Debug|Any CPU
		Release|Any CPU = Release|Any CPU
	EndGlobalSection
	GlobalSection(ProjectConfigurationPlatforms) = postSolution
		{C819FA33-A8FB-412B-8A35-BBF29898E476}.Debug|Any CPU.ActiveCfg = Debug|Any CPU
		{C819FA33-A8FB-412B-8A35-BBF29898E476}.Release|Any CPU.ActiveCfg = Release|Any CPU
	EndGlobalSection
	GlobalSection(SolutionProperties) = preSolution
		HideSolutionNode = FALSE
	EndGlobalSection
	GlobalSection(ExtensibilityGlobals) = postSolution
		SolutionGuid = {AAD03937-EA54-43DB-AD1C-7E2A070FC132}
	EndGlobalSection
EndGlobal
